
Microsoft Visual Studio Solution File, Format Version 12.00
# Visual Studio 15
VisualStudioVersion = 15.0.27004.2006
MinimumVisualStudioVersion = 10.0.40219.1
Project("{9A19103F-16F7-4668-BE54-9A1E7A4F7556}") = "P01_StudentSystem.Data", "P01_ StudentSystem.Data\P01_StudentSystem.Data.csproj", "{94F960E0-0DD7-40B8-BA96-BB1EDB01380B}"
EndProject
Project("{9A19103F-16F7-4668-BE54-9A1E7A4F7556}") = "P01_StudentSystem.Data.Models", "P01_ StudentSystem.Data.Models\P01_StudentSystem.Data.Models.csproj", "{6FA74CF3-F869-496C-A58F-2A1A31DE7FF7}"
EndProject
Project("{FAE04EC0-301F-11D3-BF4B-00C04F79EFBC}") = "P01_StudentSystem.App", "P01_StudentSystem.App\P01_StudentSystem.App.csproj", "{F3BF0A3B-C704-4C58-8A97-857060A37685}"
EndProject
Global
	GlobalSection(SolutionConfigurationPlatforms) = preSolution
		Debug|Any CPU = Debug|Any CPU
		Release|Any CPU = Release|Any CPU
	EndGlobalSection
	GlobalSection(ProjectConfigurationPlatforms) = postSolution
		{94F960E0-0DD7-40B8-BA96-BB1EDB01380B}.Debug|Any CPU.ActiveCfg = Debug|Any CPU
		{94F960E0-0DD7-40B8-BA96-BB1EDB01380B}.Debug|Any CPU.Build.0 = Debug|Any CPU
		{94F960E0-0DD7-40B8-BA96-BB1EDB01380B}.Release|Any CPU.ActiveCfg = Release|Any CPU
		{94F960E0-0DD7-40B8-BA96-BB1EDB01380B}.Release|Any CPU.Build.0 = Release|Any CPU
		{6FA74CF3-F869-496C-A58F-2A1A31DE7FF7}.Debug|Any CPU.ActiveCfg = Debug|Any CPU
		{6FA74CF3-F869-496C-A58F-2A1A31DE7FF7}.Debug|Any CPU.Build.0 = Debug|Any CPU
		{6FA74CF3-F869-496C-A58F-2A1A31DE7FF7}.Release|Any CPU.ActiveCfg = Release|Any CPU
		{6FA74CF3-F869-496C-A58F-2A1A31DE7FF7}.Release|Any CPU.Build.0 = Release|Any CPU
		{F3BF0A3B-C704-4C58-8A97-857060A37685}.Debug|Any CPU.ActiveCfg = Debug|Any CPU
		{F3BF0A3B-C704-4C58-8A97-857060A37685}.Debug|Any CPU.Build.0 = Debug|Any CPU
		{F3BF0A3B-C704-4C58-8A97-857060A37685}.Release|Any CPU.ActiveCfg = Release|Any CPU
		{F3BF0A3B-C704-4C58-8A97-857060A37685}.Release|Any CPU.Build.0 = Release|Any CPU
	EndGlobalSection
	GlobalSection(SolutionProperties) = preSolution
		HideSolutionNode = FALSE
	EndGlobalSection
	GlobalSection(ExtensibilityGlobals) = postSolution
		SolutionGuid = {4C54906B-B8CC-4374-A88E-838E88BA5FCE}
	EndGlobalSection
EndGlobal
